
Microsoft Visual Studio Solution File, Format Version 12.00
# Visual Studio Version 17
VisualStudioVersion = 17.8.34330.188
MinimumVisualStudioVersion = 10.0.40219.1
Project("{FAE04EC0-301F-11D3-BF4B-00C04F79EFBC}") = "DoAn_LTTQ", "DoAn_LTTQ\DoAn_LTTQ.csproj", "{6C224ECE-F43D-4375-88F8-86EB223D515A}"
EndProject
Global
	GlobalSection(SolutionConfigurationPlatforms) = preSolution
		Debug|Any CPU = Debug|Any CPU
		Release|Any CPU = Release|Any CPU
	EndGlobalSection
	GlobalSection(ProjectConfigurationPlatforms) = postSolution
		{6C224ECE-F43D-4375-88F8-86EB223D515A}.Debug|Any CPU.ActiveCfg = Debug|Any CPU
		{6C224ECE-F43D-4375-88F8-86EB223D515A}.Debug|Any CPU.Build.0 = Debug|Any CPU
		{6C224ECE-F43D-4375-88F8-86EB223D515A}.Release|Any CPU.ActiveCfg = Release|Any CPU
		{6C224ECE-F43D-4375-88F8-86EB223D515A}.Release|Any CPU.Build.0 = Release|Any CPU
	EndGlobalSection
	GlobalSection(SolutionProperties) = preSolution
		HideSolutionNode = FALSE
	EndGlobalSection
	GlobalSection(ExtensibilityGlobals) = postSolution
		SolutionGuid = {C505ADE8-3B3D-449F-A874-0B3DBBBA5FB1}
	EndGlobalSection
EndGlobal
